
Microsoft Visual Studio Solution File, Format Version 12.00
# Visual Studio Version 16
VisualStudioVersion = 16.0.29209.62
MinimumVisualStudioVersion = 10.0.40219.1
Project("{FAE04EC0-301F-11D3-BF4B-00C04F79EFBC}") = "entitiyDemo100919", "entitiyDemo100919\entitiyDemo100919.csproj", "{CCE2334F-F018-4A41-B24C-0268F3513C58}"
EndProject
Global
	GlobalSection(SolutionConfigurationPlatforms) = preSolution
		Debug|Any CPU = Debug|Any CPU
		Release|Any CPU = Release|Any CPU
	EndGlobalSection
	GlobalSection(ProjectConfigurationPlatforms) = postSolution
		{CCE2334F-F018-4A41-B24C-0268F3513C58}.Debug|Any CPU.ActiveCfg = Debug|Any CPU
		{CCE2334F-F018-4A41-B24C-0268F3513C58}.Debug|Any CPU.Build.0 = Debug|Any CPU
		{CCE2334F-F018-4A41-B24C-0268F3513C58}.Release|Any CPU.ActiveCfg = Release|Any CPU
		{CCE2334F-F018-4A41-B24C-0268F3513C58}.Release|Any CPU.Build.0 = Release|Any CPU
	EndGlobalSection
	GlobalSection(SolutionProperties) = preSolution
		HideSolutionNode = FALSE
	EndGlobalSection
	GlobalSection(ExtensibilityGlobals) = postSolution
		SolutionGuid = {26CE8C3D-3328-4527-85B0-153382AB518B}
	EndGlobalSection
EndGlobal
