
Microsoft Visual Studio Solution File, Format Version 12.00
# Visual Studio Version 16
VisualStudioVersion = 16.0.29020.237
MinimumVisualStudioVersion = 10.0.40219.1
Project("{FAE04EC0-301F-11D3-BF4B-00C04F79EFBC}") = "AugWeek1Demo3", "AugWeek1Demo3\AugWeek1Demo3.csproj", "{BB242656-F35A-41EE-966B-E5E2EB1DA0CC}"
EndProject
Global
	GlobalSection(SolutionConfigurationPlatforms) = preSolution
		Debug|Any CPU = Debug|Any CPU
		Release|Any CPU = Release|Any CPU
	EndGlobalSection
	GlobalSection(ProjectConfigurationPlatforms) = postSolution
		{BB242656-F35A-41EE-966B-E5E2EB1DA0CC}.Debug|Any CPU.ActiveCfg = Debug|Any CPU
		{BB242656-F35A-41EE-966B-E5E2EB1DA0CC}.Debug|Any CPU.Build.0 = Debug|Any CPU
		{BB242656-F35A-41EE-966B-E5E2EB1DA0CC}.Release|Any CPU.ActiveCfg = Release|Any CPU
		{BB242656-F35A-41EE-966B-E5E2EB1DA0CC}.Release|Any CPU.Build.0 = Release|Any CPU
	EndGlobalSection
	GlobalSection(SolutionProperties) = preSolution
		HideSolutionNode = FALSE
	EndGlobalSection
	GlobalSection(ExtensibilityGlobals) = postSolution
		SolutionGuid = {1BA8FAB9-1701-4EB3-AE2E-DB79E88285E0}
	EndGlobalSection
EndGlobal
